
Microsoft Visual Studio Solution File, Format Version 12.00
# Visual Studio Version 16
VisualStudioVersion = 25.0.1704.2
MinimumVisualStudioVersion = 10.0.40219.1
Project("{FAE04EC0-301F-11D3-BF4B-00C04F79EFBC}") = "Another_World_Adventure", "Another_World_Adventure\Another_World_Adventure.csproj", "{21EFF900-2BF8-416E-B662-F06A9838D3BB}"
EndProject
Global
	GlobalSection(SolutionConfigurationPlatforms) = preSolution
		Debug|Any CPU = Debug|Any CPU
		Release|Any CPU = Release|Any CPU
	EndGlobalSection
	GlobalSection(ProjectConfigurationPlatforms) = postSolution
		{21EFF900-2BF8-416E-B662-F06A9838D3BB}.Debug|Any CPU.ActiveCfg = Debug|Any CPU
		{21EFF900-2BF8-416E-B662-F06A9838D3BB}.Debug|Any CPU.Build.0 = Debug|Any CPU
		{21EFF900-2BF8-416E-B662-F06A9838D3BB}.Release|Any CPU.ActiveCfg = Release|Any CPU
		{21EFF900-2BF8-416E-B662-F06A9838D3BB}.Release|Any CPU.Build.0 = Release|Any CPU
	EndGlobalSection
	GlobalSection(SolutionProperties) = preSolution
		HideSolutionNode = FALSE
	EndGlobalSection
	GlobalSection(ExtensibilityGlobals) = postSolution
		SolutionGuid = {46EF56BE-6DB7-4B35-9E09-F06A9200D161}
	EndGlobalSection
EndGlobal
